
Microsoft Visual Studio Solution File, Format Version 12.00
# Visual Studio Version 17
VisualStudioVersion = 17.5.33627.172
MinimumVisualStudioVersion = 10.0.40219.1
Project("{FAE04EC0-301F-11D3-BF4B-00C04F79EFBC}") = "BusinessObjects", "BusinessObjects\BusinessObjects.csproj", "{506D81CD-4CBD-4241-935B-C06A9136BB0D}"
EndProject
Project("{FAE04EC0-301F-11D3-BF4B-00C04F79EFBC}") = "DataAccess", "DataAccess\DataAccess.csproj", "{68065CC6-382C-4CF5-ABA1-84B47FABDCD9}"
EndProject
Project("{FAE04EC0-301F-11D3-BF4B-00C04F79EFBC}") = "Repositories", "Repositories\Repositories.csproj", "{3B307093-B216-4641-BA0A-1403F696DABC}"
EndProject
Project("{FAE04EC0-301F-11D3-BF4B-00C04F79EFBC}") = "ProjectManagementAPI", "ProjectManagementAPI\ProjectManagementAPI.csproj", "{6A60AE5B-EC33-4450-98FB-D73CB949B818}"
EndProject
Project("{FAE04EC0-301F-11D3-BF4B-00C04F79EFBC}") = "ProductManagementWebClient", "ProductManagementWebClient\ProductManagementWebClient.csproj", "{1E0A93AF-D874-40C0-9AD3-881689C61E7A}"
EndProject
Global
	GlobalSection(SolutionConfigurationPlatforms) = preSolution
		Debug|Any CPU = Debug|Any CPU
		Release|Any CPU = Release|Any CPU
	EndGlobalSection
	GlobalSection(ProjectConfigurationPlatforms) = postSolution
		{506D81CD-4CBD-4241-935B-C06A9136BB0D}.Debug|Any CPU.ActiveCfg = Debug|Any CPU
		{506D81CD-4CBD-4241-935B-C06A9136BB0D}.Debug|Any CPU.Build.0 = Debug|Any CPU
		{506D81CD-4CBD-4241-935B-C06A9136BB0D}.Release|Any CPU.ActiveCfg = Release|Any CPU
		{506D81CD-4CBD-4241-935B-C06A9136BB0D}.Release|Any CPU.Build.0 = Release|Any CPU
		{68065CC6-382C-4CF5-ABA1-84B47FABDCD9}.Debug|Any CPU.ActiveCfg = Debug|Any CPU
		{68065CC6-382C-4CF5-ABA1-84B47FABDCD9}.Debug|Any CPU.Build.0 = Debug|Any CPU
		{68065CC6-382C-4CF5-ABA1-84B47FABDCD9}.Release|Any CPU.ActiveCfg = Release|Any CPU
		{68065CC6-382C-4CF5-ABA1-84B47FABDCD9}.Release|Any CPU.Build.0 = Release|Any CPU
		{3B307093-B216-4641-BA0A-1403F696DABC}.Debug|Any CPU.ActiveCfg = Debug|Any CPU
		{3B307093-B216-4641-BA0A-1403F696DABC}.Debug|Any CPU.Build.0 = Debug|Any CPU
		{3B307093-B216-4641-BA0A-1403F696DABC}.Release|Any CPU.ActiveCfg = Release|Any CPU
		{3B307093-B216-4641-BA0A-1403F696DABC}.Release|Any CPU.Build.0 = Release|Any CPU
		{6A60AE5B-EC33-4450-98FB-D73CB949B818}.Debug|Any CPU.ActiveCfg = Debug|Any CPU
		{6A60AE5B-EC33-4450-98FB-D73CB949B818}.Debug|Any CPU.Build.0 = Debug|Any CPU
		{6A60AE5B-EC33-4450-98FB-D73CB949B818}.Release|Any CPU.ActiveCfg = Release|Any CPU
		{6A60AE5B-EC33-4450-98FB-D73CB949B818}.Release|Any CPU.Build.0 = Release|Any CPU
		{1E0A93AF-D874-40C0-9AD3-881689C61E7A}.Debug|Any CPU.ActiveCfg = Debug|Any CPU
		{1E0A93AF-D874-40C0-9AD3-881689C61E7A}.Debug|Any CPU.Build.0 = Debug|Any CPU
		{1E0A93AF-D874-40C0-9AD3-881689C61E7A}.Release|Any CPU.ActiveCfg = Release|Any CPU
		{1E0A93AF-D874-40C0-9AD3-881689C61E7A}.Release|Any CPU.Build.0 = Release|Any CPU
	EndGlobalSection
	GlobalSection(SolutionProperties) = preSolution
		HideSolutionNode = FALSE
	EndGlobalSection
	GlobalSection(ExtensibilityGlobals) = postSolution
		SolutionGuid = {8CCD1537-DF18-4170-9B2E-3F457995D524}
	EndGlobalSection
EndGlobal
