
Microsoft Visual Studio Solution File, Format Version 12.00
# Visual Studio Version 17
VisualStudioVersion = 17.5.33627.172
MinimumVisualStudioVersion = 10.0.40219.1
Project("{9A19103F-16F7-4668-BE54-9A1E7A4F7556}") = "BussinessObject", "BussinessObject\BussinessObject.csproj", "{5009B65D-A8B7-44A6-A4C4-F0955DA452D1}"
EndProject
Project("{9A19103F-16F7-4668-BE54-9A1E7A4F7556}") = "DataAccess", "DataAccess\DataAccess.csproj", "{80902ACC-68DC-4F6F-97A2-399A229ABA44}"
EndProject
Project("{9A19103F-16F7-4668-BE54-9A1E7A4F7556}") = "eBookStoreAPI", "eBookStoreAPI\eBookStoreAPI.csproj", "{7CE238D5-CC90-45DE-A970-A17905AB8151}"
EndProject
Project("{9A19103F-16F7-4668-BE54-9A1E7A4F7556}") = "eBookAjax", "eBookAjax\eBookAjax.csproj", "{EF6E451F-A676-425D-BE86-AC256F774DCC}"
EndProject
Global
	GlobalSection(SolutionConfigurationPlatforms) = preSolution
		Debug|Any CPU = Debug|Any CPU
		Release|Any CPU = Release|Any CPU
	EndGlobalSection
	GlobalSection(ProjectConfigurationPlatforms) = postSolution
		{5009B65D-A8B7-44A6-A4C4-F0955DA452D1}.Debug|Any CPU.ActiveCfg = Debug|Any CPU
		{5009B65D-A8B7-44A6-A4C4-F0955DA452D1}.Debug|Any CPU.Build.0 = Debug|Any CPU
		{5009B65D-A8B7-44A6-A4C4-F0955DA452D1}.Release|Any CPU.ActiveCfg = Release|Any CPU
		{5009B65D-A8B7-44A6-A4C4-F0955DA452D1}.Release|Any CPU.Build.0 = Release|Any CPU
		{80902ACC-68DC-4F6F-97A2-399A229ABA44}.Debug|Any CPU.ActiveCfg = Debug|Any CPU
		{80902ACC-68DC-4F6F-97A2-399A229ABA44}.Debug|Any CPU.Build.0 = Debug|Any CPU
		{80902ACC-68DC-4F6F-97A2-399A229ABA44}.Release|Any CPU.ActiveCfg = Release|Any CPU
		{80902ACC-68DC-4F6F-97A2-399A229ABA44}.Release|Any CPU.Build.0 = Release|Any CPU
		{7CE238D5-CC90-45DE-A970-A17905AB8151}.Debug|Any CPU.ActiveCfg = Debug|Any CPU
		{7CE238D5-CC90-45DE-A970-A17905AB8151}.Debug|Any CPU.Build.0 = Debug|Any CPU
		{7CE238D5-CC90-45DE-A970-A17905AB8151}.Release|Any CPU.ActiveCfg = Release|Any CPU
		{7CE238D5-CC90-45DE-A970-A17905AB8151}.Release|Any CPU.Build.0 = Release|Any CPU
		{EF6E451F-A676-425D-BE86-AC256F774DCC}.Debug|Any CPU.ActiveCfg = Debug|Any CPU
		{EF6E451F-A676-425D-BE86-AC256F774DCC}.Debug|Any CPU.Build.0 = Debug|Any CPU
		{EF6E451F-A676-425D-BE86-AC256F774DCC}.Release|Any CPU.ActiveCfg = Release|Any CPU
		{EF6E451F-A676-425D-BE86-AC256F774DCC}.Release|Any CPU.Build.0 = Release|Any CPU
	EndGlobalSection
	GlobalSection(SolutionProperties) = preSolution
		HideSolutionNode = FALSE
	EndGlobalSection
	GlobalSection(ExtensibilityGlobals) = postSolution
		SolutionGuid = {92095287-25FE-45B4-82A9-2D93AAA4C010}
	EndGlobalSection
EndGlobal
