
Microsoft Visual Studio Solution File, Format Version 12.00
# Visual Studio Version 17
VisualStudioVersion = 17.4.33205.214
MinimumVisualStudioVersion = 10.0.40219.1
Project("{9A19103F-16F7-4668-BE54-9A1E7A4F7556}") = "DataAccess", "DataAccess\DataAccess.csproj", "{8ED6AD79-74BC-4699-91CB-20687850ACBA}"
EndProject
Project("{9A19103F-16F7-4668-BE54-9A1E7A4F7556}") = "BusinessObject", "BusinessObject\BusinessObject.csproj", "{59501988-4299-4553-B907-4B7BABBB0611}"
EndProject
Project("{9A19103F-16F7-4668-BE54-9A1E7A4F7556}") = "eStoreAPI", "eStoreAPI\eStoreAPI.csproj", "{8C718462-4E00-4A05-A0A3-A7E1E24A2C0D}"
EndProject
Project("{9A19103F-16F7-4668-BE54-9A1E7A4F7556}") = "eStoreClient", "eStoreClient\eStoreClient.csproj", "{1D39C3FC-C744-4979-9495-AAE3CA7E7445}"
EndProject
Project("{9A19103F-16F7-4668-BE54-9A1E7A4F7556}") = "Repositories", "Repositories\Repositories.csproj", "{710EE93E-1E36-47F8-8CD6-633C2FF28F2A}"
EndProject
Global
	GlobalSection(SolutionConfigurationPlatforms) = preSolution
		Debug|Any CPU = Debug|Any CPU
		Release|Any CPU = Release|Any CPU
	EndGlobalSection
	GlobalSection(ProjectConfigurationPlatforms) = postSolution
		{8ED6AD79-74BC-4699-91CB-20687850ACBA}.Debug|Any CPU.ActiveCfg = Debug|Any CPU
		{8ED6AD79-74BC-4699-91CB-20687850ACBA}.Debug|Any CPU.Build.0 = Debug|Any CPU
		{8ED6AD79-74BC-4699-91CB-20687850ACBA}.Release|Any CPU.ActiveCfg = Release|Any CPU
		{8ED6AD79-74BC-4699-91CB-20687850ACBA}.Release|Any CPU.Build.0 = Release|Any CPU
		{59501988-4299-4553-B907-4B7BABBB0611}.Debug|Any CPU.ActiveCfg = Debug|Any CPU
		{59501988-4299-4553-B907-4B7BABBB0611}.Debug|Any CPU.Build.0 = Debug|Any CPU
		{59501988-4299-4553-B907-4B7BABBB0611}.Release|Any CPU.ActiveCfg = Release|Any CPU
		{59501988-4299-4553-B907-4B7BABBB0611}.Release|Any CPU.Build.0 = Release|Any CPU
		{8C718462-4E00-4A05-A0A3-A7E1E24A2C0D}.Debug|Any CPU.ActiveCfg = Debug|Any CPU
		{8C718462-4E00-4A05-A0A3-A7E1E24A2C0D}.Debug|Any CPU.Build.0 = Debug|Any CPU
		{8C718462-4E00-4A05-A0A3-A7E1E24A2C0D}.Release|Any CPU.ActiveCfg = Release|Any CPU
		{8C718462-4E00-4A05-A0A3-A7E1E24A2C0D}.Release|Any CPU.Build.0 = Release|Any CPU
		{1D39C3FC-C744-4979-9495-AAE3CA7E7445}.Debug|Any CPU.ActiveCfg = Debug|Any CPU
		{1D39C3FC-C744-4979-9495-AAE3CA7E7445}.Debug|Any CPU.Build.0 = Debug|Any CPU
		{1D39C3FC-C744-4979-9495-AAE3CA7E7445}.Release|Any CPU.ActiveCfg = Release|Any CPU
		{1D39C3FC-C744-4979-9495-AAE3CA7E7445}.Release|Any CPU.Build.0 = Release|Any CPU
		{710EE93E-1E36-47F8-8CD6-633C2FF28F2A}.Debug|Any CPU.ActiveCfg = Debug|Any CPU
		{710EE93E-1E36-47F8-8CD6-633C2FF28F2A}.Debug|Any CPU.Build.0 = Debug|Any CPU
		{710EE93E-1E36-47F8-8CD6-633C2FF28F2A}.Release|Any CPU.ActiveCfg = Release|Any CPU
		{710EE93E-1E36-47F8-8CD6-633C2FF28F2A}.Release|Any CPU.Build.0 = Release|Any CPU
	EndGlobalSection
	GlobalSection(SolutionProperties) = preSolution
		HideSolutionNode = FALSE
	EndGlobalSection
	GlobalSection(ExtensibilityGlobals) = postSolution
		SolutionGuid = {C02ED86D-2D20-418B-875A-E6610024D33B}
	EndGlobalSection
EndGlobal
